
Microsoft Visual Studio Solution File, Format Version 12.00
# Visual Studio Version 16
VisualStudioVersion = 25.0.1704.4
MinimumVisualStudioVersion = 10.0.40219.1
Project("{FAE04EC0-301F-11D3-BF4B-00C04F79EFBC}") = "dotnetApp", "dotnetApp\dotnetApp.csproj", "{12A02CE7-21A4-4C4A-B455-9C51B8E4A0E7}"
EndProject
Global
	GlobalSection(SolutionConfigurationPlatforms) = preSolution
		Debug|Any CPU = Debug|Any CPU
		Release|Any CPU = Release|Any CPU
	EndGlobalSection
	GlobalSection(ProjectConfigurationPlatforms) = postSolution
		{12A02CE7-21A4-4C4A-B455-9C51B8E4A0E7}.Debug|Any CPU.ActiveCfg = Debug|Any CPU
		{12A02CE7-21A4-4C4A-B455-9C51B8E4A0E7}.Debug|Any CPU.Build.0 = Debug|Any CPU
		{12A02CE7-21A4-4C4A-B455-9C51B8E4A0E7}.Release|Any CPU.ActiveCfg = Release|Any CPU
		{12A02CE7-21A4-4C4A-B455-9C51B8E4A0E7}.Release|Any CPU.Build.0 = Release|Any CPU
	EndGlobalSection
	GlobalSection(SolutionProperties) = preSolution
		HideSolutionNode = FALSE
	EndGlobalSection
	GlobalSection(ExtensibilityGlobals) = postSolution
		SolutionGuid = {653094D8-5CC7-4806-8D75-FD97C3CDF689}
	EndGlobalSection
EndGlobal
